
Microsoft Visual Studio Solution File, Format Version 12.00
# Visual Studio 15
VisualStudioVersion = 15.0.26403.7
MinimumVisualStudioVersion = 10.0.40219.1
Project("{2150E333-8FDC-42A3-9474-1A3956D46DE8}") = "src", "src", "{A9BF328E-BF61-4F4F-882D-35AC816BCA95}"
EndProject
Project("{2150E333-8FDC-42A3-9474-1A3956D46DE8}") = "tests", "tests", "{B5C43C9F-1462-4E4F-87DA-7CF57223E7E2}"
EndProject
Project("{9A19103F-16F7-4668-BE54-9A1E7A4F7556}") = "CreditCards", "src\CreditCards\CreditCards.csproj", "{CE62F0C7-DD3D-495D-AE4C-89054D1097E5}"
EndProject
Project("{9A19103F-16F7-4668-BE54-9A1E7A4F7556}") = "CreditCards.Tests", "tests\CreditCards.Tests\CreditCards.Tests.csproj", "{35CCDE26-F988-4F79-A191-2E558EA7C4DB}"
EndProject
Project("{9A19103F-16F7-4668-BE54-9A1E7A4F7556}") = "CreditCards.IntegrationTests", "tests\CreditCards.IntegrationTests\CreditCards.IntegrationTests.csproj", "{FDB85807-8D7D-4FEF-9BD6-923C49F4DF56}"
EndProject
Project("{FAE04EC0-301F-11D3-BF4B-00C04F79EFBC}") = "CreditCards.UITests", "tests\CreditCards.UITests\CreditCards.UITests.csproj", "{B1ECCFE5-A3D6-4939-B92C-862D5F643A25}"
EndProject
Global
	GlobalSection(SolutionConfigurationPlatforms) = preSolution
		Debug|Any CPU = Debug|Any CPU
		Release|Any CPU = Release|Any CPU
	EndGlobalSection
	GlobalSection(ProjectConfigurationPlatforms) = postSolution
		{CE62F0C7-DD3D-495D-AE4C-89054D1097E5}.Debug|Any CPU.ActiveCfg = Debug|Any CPU
		{CE62F0C7-DD3D-495D-AE4C-89054D1097E5}.Debug|Any CPU.Build.0 = Debug|Any CPU
		{CE62F0C7-DD3D-495D-AE4C-89054D1097E5}.Release|Any CPU.ActiveCfg = Release|Any CPU
		{CE62F0C7-DD3D-495D-AE4C-89054D1097E5}.Release|Any CPU.Build.0 = Release|Any CPU
		{35CCDE26-F988-4F79-A191-2E558EA7C4DB}.Debug|Any CPU.ActiveCfg = Debug|Any CPU
		{35CCDE26-F988-4F79-A191-2E558EA7C4DB}.Debug|Any CPU.Build.0 = Debug|Any CPU
		{35CCDE26-F988-4F79-A191-2E558EA7C4DB}.Release|Any CPU.ActiveCfg = Release|Any CPU
		{35CCDE26-F988-4F79-A191-2E558EA7C4DB}.Release|Any CPU.Build.0 = Release|Any CPU
		{FDB85807-8D7D-4FEF-9BD6-923C49F4DF56}.Debug|Any CPU.ActiveCfg = Debug|Any CPU
		{FDB85807-8D7D-4FEF-9BD6-923C49F4DF56}.Debug|Any CPU.Build.0 = Debug|Any CPU
		{FDB85807-8D7D-4FEF-9BD6-923C49F4DF56}.Release|Any CPU.ActiveCfg = Release|Any CPU
		{FDB85807-8D7D-4FEF-9BD6-923C49F4DF56}.Release|Any CPU.Build.0 = Release|Any CPU
		{B1ECCFE5-A3D6-4939-B92C-862D5F643A25}.Debug|Any CPU.ActiveCfg = Debug|Any CPU
		{B1ECCFE5-A3D6-4939-B92C-862D5F643A25}.Debug|Any CPU.Build.0 = Debug|Any CPU
		{B1ECCFE5-A3D6-4939-B92C-862D5F643A25}.Release|Any CPU.ActiveCfg = Release|Any CPU
		{B1ECCFE5-A3D6-4939-B92C-862D5F643A25}.Release|Any CPU.Build.0 = Release|Any CPU
	EndGlobalSection
	GlobalSection(SolutionProperties) = preSolution
		HideSolutionNode = FALSE
	EndGlobalSection
	GlobalSection(NestedProjects) = preSolution
		{CE62F0C7-DD3D-495D-AE4C-89054D1097E5} = {A9BF328E-BF61-4F4F-882D-35AC816BCA95}
		{35CCDE26-F988-4F79-A191-2E558EA7C4DB} = {B5C43C9F-1462-4E4F-87DA-7CF57223E7E2}
		{FDB85807-8D7D-4FEF-9BD6-923C49F4DF56} = {B5C43C9F-1462-4E4F-87DA-7CF57223E7E2}
		{B1ECCFE5-A3D6-4939-B92C-862D5F643A25} = {B5C43C9F-1462-4E4F-87DA-7CF57223E7E2}
	EndGlobalSection
	GlobalSection(ExtensibilityGlobals) = postSolution
		SolutionGuid = {3DE805C1-3117-49D6-94B3-E533C9633075}
	EndGlobalSection
EndGlobal
